
Microsoft Visual Studio Solution File, Format Version 12.00
# Visual Studio 15
VisualStudioVersion = 15.0.27703.2035
MinimumVisualStudioVersion = 10.0.40219.1
Project("{FAE04EC0-301F-11D3-BF4B-00C04F79EFBC}") = "PopulateAD.CLI", "PopulateAD.CLI\PopulateAD.CLI.csproj", "{98A8CC1D-183C-411B-A1F7-C90DA17CFE9C}"
EndProject
Project("{FAE04EC0-301F-11D3-BF4B-00C04F79EFBC}") = "Farrworks.PopulateAD.Shared", "Farrworks.PopulateAD.Shared\Farrworks.PopulateAD.Shared.csproj", "{32AA14E9-708D-4C80-96B5-4088D1FF608D}"
EndProject
Project("{FAE04EC0-301F-11D3-BF4B-00C04F79EFBC}") = "Farrworks.PopulateAD.Names", "Farrworks.PopulateAD.Names\Farrworks.PopulateAD.Names.csproj", "{11EA3B8A-5FF1-4F66-82DF-A9F75BE974E8}"
EndProject
Global
	GlobalSection(SolutionConfigurationPlatforms) = preSolution
		Debug|Any CPU = Debug|Any CPU
		Release|Any CPU = Release|Any CPU
	EndGlobalSection
	GlobalSection(ProjectConfigurationPlatforms) = postSolution
		{98A8CC1D-183C-411B-A1F7-C90DA17CFE9C}.Debug|Any CPU.ActiveCfg = Debug|Any CPU
		{98A8CC1D-183C-411B-A1F7-C90DA17CFE9C}.Debug|Any CPU.Build.0 = Debug|Any CPU
		{98A8CC1D-183C-411B-A1F7-C90DA17CFE9C}.Release|Any CPU.ActiveCfg = Release|Any CPU
		{98A8CC1D-183C-411B-A1F7-C90DA17CFE9C}.Release|Any CPU.Build.0 = Release|Any CPU
		{32AA14E9-708D-4C80-96B5-4088D1FF608D}.Debug|Any CPU.ActiveCfg = Debug|Any CPU
		{32AA14E9-708D-4C80-96B5-4088D1FF608D}.Debug|Any CPU.Build.0 = Debug|Any CPU
		{32AA14E9-708D-4C80-96B5-4088D1FF608D}.Release|Any CPU.ActiveCfg = Release|Any CPU
		{32AA14E9-708D-4C80-96B5-4088D1FF608D}.Release|Any CPU.Build.0 = Release|Any CPU
		{11EA3B8A-5FF1-4F66-82DF-A9F75BE974E8}.Debug|Any CPU.ActiveCfg = Debug|Any CPU
		{11EA3B8A-5FF1-4F66-82DF-A9F75BE974E8}.Debug|Any CPU.Build.0 = Debug|Any CPU
		{11EA3B8A-5FF1-4F66-82DF-A9F75BE974E8}.Release|Any CPU.ActiveCfg = Release|Any CPU
		{11EA3B8A-5FF1-4F66-82DF-A9F75BE974E8}.Release|Any CPU.Build.0 = Release|Any CPU
	EndGlobalSection
	GlobalSection(SolutionProperties) = preSolution
		HideSolutionNode = FALSE
	EndGlobalSection
	GlobalSection(ExtensibilityGlobals) = postSolution
		SolutionGuid = {2069FC7A-9529-44A4-9C1D-E664824FFAD7}
	EndGlobalSection
EndGlobal
