
Microsoft Visual Studio Solution File, Format Version 12.00
# Visual Studio Version 16
VisualStudioVersion = 16.0.28803.202
MinimumVisualStudioVersion = 10.0.40219.1
Project("{FAE04EC0-301F-11D3-BF4B-00C04F79EFBC}") = "GenUsers", "GenUsers\GenUsers.csproj", "{F1B36772-26B4-4F37-84D8-388F3E0E5864}"
EndProject
Project("{2150E333-8FDC-42A3-9474-1A3956D46DE8}") = "Application", "Application", "{22490BE0-581F-468E-A77F-CE2B9C4AC301}"
EndProject
Project("{2150E333-8FDC-42A3-9474-1A3956D46DE8}") = "Domain", "Domain", "{1120EE04-843E-4E66-94DE-E2C93D9134BB}"
EndProject
Project("{2150E333-8FDC-42A3-9474-1A3956D46DE8}") = "Infrastructure", "Infrastructure", "{A37D5022-1F95-4263-BCE9-3D323863B542}"
EndProject
Project("{2150E333-8FDC-42A3-9474-1A3956D46DE8}") = "Test", "Test", "{A5EEBE82-3ED2-415C-8667-F0AB7D5D8D94}"
EndProject
Project("{9A19103F-16F7-4668-BE54-9A1E7A4F7556}") = "GenUsers.Domain", "GenUsers.Domain\GenUsers.Domain.csproj", "{206B81AA-483A-4878-A735-DFD15B57734A}"
EndProject
Project("{9A19103F-16F7-4668-BE54-9A1E7A4F7556}") = "GenUsers.Infra", "GenUsers.Infra\GenUsers.Infra.csproj", "{E8E93C4B-B972-41CC-AD35-32637FBEA876}"
EndProject
Project("{9A19103F-16F7-4668-BE54-9A1E7A4F7556}") = "GenUsers.Domain.Interfaces", "GenUsers.Domain.Interfaces\GenUsers.Domain.Interfaces.csproj", "{263C15A0-242F-4E48-A3AB-B99B4958CA89}"
EndProject
Project("{FAE04EC0-301F-11D3-BF4B-00C04F79EFBC}") = "GenUsers.Domain.Tests", "GenUsers.Domain.Tests\GenUsers.Domain.Tests.csproj", "{612E0B6D-8197-4A3E-849C-008456E227B7}"
EndProject
Project("{FAE04EC0-301F-11D3-BF4B-00C04F79EFBC}") = "GenUsers.Tests", "GenUsers.Tests\GenUsers.Tests.csproj", "{D9BAC873-4F52-4290-AD24-916836831CC1}"
EndProject
Project("{FAE04EC0-301F-11D3-BF4B-00C04F79EFBC}") = "GenUsers.Infra.Tests", "GenUsers.Infra.Tests\GenUsers.Infra.Tests.csproj", "{61ECC81B-FC6D-40FB-8E55-F8CB5D9245BF}"
EndProject
Project("{FAE04EC0-301F-11D3-BF4B-00C04F79EFBC}") = "GenUsers.Domain.Common", "GenUsers.Domain.Common\GenUsers.Domain.Common.csproj", "{CB102E97-3B4E-495C-BDE4-BC5A798ACB7D}"
EndProject
Global
	GlobalSection(SolutionConfigurationPlatforms) = preSolution
		Debug|Any CPU = Debug|Any CPU
		Release|Any CPU = Release|Any CPU
	EndGlobalSection
	GlobalSection(ProjectConfigurationPlatforms) = postSolution
		{F1B36772-26B4-4F37-84D8-388F3E0E5864}.Debug|Any CPU.ActiveCfg = Debug|Any CPU
		{F1B36772-26B4-4F37-84D8-388F3E0E5864}.Debug|Any CPU.Build.0 = Debug|Any CPU
		{F1B36772-26B4-4F37-84D8-388F3E0E5864}.Release|Any CPU.ActiveCfg = Release|Any CPU
		{F1B36772-26B4-4F37-84D8-388F3E0E5864}.Release|Any CPU.Build.0 = Release|Any CPU
		{206B81AA-483A-4878-A735-DFD15B57734A}.Debug|Any CPU.ActiveCfg = Debug|Any CPU
		{206B81AA-483A-4878-A735-DFD15B57734A}.Debug|Any CPU.Build.0 = Debug|Any CPU
		{206B81AA-483A-4878-A735-DFD15B57734A}.Release|Any CPU.ActiveCfg = Release|Any CPU
		{206B81AA-483A-4878-A735-DFD15B57734A}.Release|Any CPU.Build.0 = Release|Any CPU
		{E8E93C4B-B972-41CC-AD35-32637FBEA876}.Debug|Any CPU.ActiveCfg = Debug|Any CPU
		{E8E93C4B-B972-41CC-AD35-32637FBEA876}.Debug|Any CPU.Build.0 = Debug|Any CPU
		{E8E93C4B-B972-41CC-AD35-32637FBEA876}.Release|Any CPU.ActiveCfg = Release|Any CPU
		{E8E93C4B-B972-41CC-AD35-32637FBEA876}.Release|Any CPU.Build.0 = Release|Any CPU
		{263C15A0-242F-4E48-A3AB-B99B4958CA89}.Debug|Any CPU.ActiveCfg = Debug|Any CPU
		{263C15A0-242F-4E48-A3AB-B99B4958CA89}.Debug|Any CPU.Build.0 = Debug|Any CPU
		{263C15A0-242F-4E48-A3AB-B99B4958CA89}.Release|Any CPU.ActiveCfg = Release|Any CPU
		{263C15A0-242F-4E48-A3AB-B99B4958CA89}.Release|Any CPU.Build.0 = Release|Any CPU
		{612E0B6D-8197-4A3E-849C-008456E227B7}.Debug|Any CPU.ActiveCfg = Debug|Any CPU
		{612E0B6D-8197-4A3E-849C-008456E227B7}.Debug|Any CPU.Build.0 = Debug|Any CPU
		{612E0B6D-8197-4A3E-849C-008456E227B7}.Release|Any CPU.ActiveCfg = Release|Any CPU
		{612E0B6D-8197-4A3E-849C-008456E227B7}.Release|Any CPU.Build.0 = Release|Any CPU
		{D9BAC873-4F52-4290-AD24-916836831CC1}.Debug|Any CPU.ActiveCfg = Debug|Any CPU
		{D9BAC873-4F52-4290-AD24-916836831CC1}.Debug|Any CPU.Build.0 = Debug|Any CPU
		{D9BAC873-4F52-4290-AD24-916836831CC1}.Release|Any CPU.ActiveCfg = Release|Any CPU
		{D9BAC873-4F52-4290-AD24-916836831CC1}.Release|Any CPU.Build.0 = Release|Any CPU
		{61ECC81B-FC6D-40FB-8E55-F8CB5D9245BF}.Debug|Any CPU.ActiveCfg = Debug|Any CPU
		{61ECC81B-FC6D-40FB-8E55-F8CB5D9245BF}.Debug|Any CPU.Build.0 = Debug|Any CPU
		{61ECC81B-FC6D-40FB-8E55-F8CB5D9245BF}.Release|Any CPU.ActiveCfg = Release|Any CPU
		{61ECC81B-FC6D-40FB-8E55-F8CB5D9245BF}.Release|Any CPU.Build.0 = Release|Any CPU
		{CB102E97-3B4E-495C-BDE4-BC5A798ACB7D}.Debug|Any CPU.ActiveCfg = Debug|Any CPU
		{CB102E97-3B4E-495C-BDE4-BC5A798ACB7D}.Debug|Any CPU.Build.0 = Debug|Any CPU
		{CB102E97-3B4E-495C-BDE4-BC5A798ACB7D}.Release|Any CPU.ActiveCfg = Release|Any CPU
		{CB102E97-3B4E-495C-BDE4-BC5A798ACB7D}.Release|Any CPU.Build.0 = Release|Any CPU
	EndGlobalSection
	GlobalSection(SolutionProperties) = preSolution
		HideSolutionNode = FALSE
	EndGlobalSection
	GlobalSection(NestedProjects) = preSolution
		{F1B36772-26B4-4F37-84D8-388F3E0E5864} = {22490BE0-581F-468E-A77F-CE2B9C4AC301}
		{206B81AA-483A-4878-A735-DFD15B57734A} = {1120EE04-843E-4E66-94DE-E2C93D9134BB}
		{E8E93C4B-B972-41CC-AD35-32637FBEA876} = {A37D5022-1F95-4263-BCE9-3D323863B542}
		{263C15A0-242F-4E48-A3AB-B99B4958CA89} = {1120EE04-843E-4E66-94DE-E2C93D9134BB}
		{612E0B6D-8197-4A3E-849C-008456E227B7} = {A5EEBE82-3ED2-415C-8667-F0AB7D5D8D94}
		{D9BAC873-4F52-4290-AD24-916836831CC1} = {A5EEBE82-3ED2-415C-8667-F0AB7D5D8D94}
		{61ECC81B-FC6D-40FB-8E55-F8CB5D9245BF} = {A5EEBE82-3ED2-415C-8667-F0AB7D5D8D94}
		{CB102E97-3B4E-495C-BDE4-BC5A798ACB7D} = {1120EE04-843E-4E66-94DE-E2C93D9134BB}
	EndGlobalSection
	GlobalSection(ExtensibilityGlobals) = postSolution
		SolutionGuid = {27C47868-B80C-4E7C-BDCA-75A366CD0C90}
	EndGlobalSection
EndGlobal
